
Microsoft Visual Studio Solution File, Format Version 12.00
# Visual Studio 15
VisualStudioVersion = 15.0.28307.438
MinimumVisualStudioVersion = 10.0.40219.1
Project("{FAE04EC0-301F-11D3-BF4B-00C04F79EFBC}") = "PassaparolaProjesi", "PassaparolaProjesi\PassaparolaProjesi.csproj", "{E2AC604A-676A-4A60-816F-47BE4ADD8203}"
EndProject
Global
	GlobalSection(SolutionConfigurationPlatforms) = preSolution
		Debug|Any CPU = Debug|Any CPU
		Release|Any CPU = Release|Any CPU
	EndGlobalSection
	GlobalSection(ProjectConfigurationPlatforms) = postSolution
		{E2AC604A-676A-4A60-816F-47BE4ADD8203}.Debug|Any CPU.ActiveCfg = Debug|Any CPU
		{E2AC604A-676A-4A60-816F-47BE4ADD8203}.Debug|Any CPU.Build.0 = Debug|Any CPU
		{E2AC604A-676A-4A60-816F-47BE4ADD8203}.Release|Any CPU.ActiveCfg = Release|Any CPU
		{E2AC604A-676A-4A60-816F-47BE4ADD8203}.Release|Any CPU.Build.0 = Release|Any CPU
	EndGlobalSection
	GlobalSection(SolutionProperties) = preSolution
		HideSolutionNode = FALSE
	EndGlobalSection
	GlobalSection(ExtensibilityGlobals) = postSolution
		SolutionGuid = {F8F47954-6F0A-43EB-9E76-DF795E509096}
	EndGlobalSection
EndGlobal
